// !$*UTF8*$!
{
	archiveVersion = 1;
	classes = {
	};
	objectVersion = 51;
	objects = {

/* Begin PBXBuildFile section */
		0D591B6DE7A6CB359B9E4ACE /* Pods_GitHubUserListSample.framework in Frameworks */ = {isa = PBXBuildFile; fileRef = 07E0C9F4DE8B53F7351AC382 /* Pods_GitHubUserListSample.framework */; };
		170543D422F0492300520C9D /* WebAPI.swift in Sources */ = {isa = PBXBuildFile; fileRef = 170543D322F0492300520C9D /* WebAPI.swift */; };
		170543D622F16C4400520C9D /* GitHubAPI.swift in Sources */ = {isa = PBXBuildFile; fileRef = 170543D522F16C4400520C9D /* GitHubAPI.swift */; };
		1787D0EF22EFF64C00F2722C /* AppDelegate.swift in Sources */ = {isa = PBXBuildFile; fileRef = 1787D0EE22EFF64C00F2722C /* AppDelegate.swift */; };
		1787D0F122EFF64C00F2722C /* UserListViewController.swift in Sources */ = {isa = PBXBuildFile; fileRef = 1787D0F022EFF64C00F2722C /* UserListViewController.swift */; };
		1787D0F422EFF64C00F2722C /* UserListViewController.storyboard in Resources */ = {isa = PBXBuildFile; fileRef = 1787D0F222EFF64C00F2722C /* UserListViewController.storyboard */; };
		1787D0F622EFF64D00F2722C /* Assets.xcassets in Resources */ = {isa = PBXBuildFile; fileRef = 1787D0F522EFF64D00F2722C /* Assets.xcassets */; };
		1787D0F922EFF64D00F2722C /* LaunchScreen.storyboard in Resources */ = {isa = PBXBuildFile; fileRef = 1787D0F722EFF64D00F2722C /* LaunchScreen.storyboard */; };
		1787D10422EFF64D00F2722C /* GitHubUserListSampleTests.swift in Sources */ = {isa = PBXBuildFile; fileRef = 1787D10322EFF64D00F2722C /* GitHubUserListSampleTests.swift */; };
		1787D10F22EFF64D00F2722C /* GitHubUserListSampleUITests.swift in Sources */ = {isa = PBXBuildFile; fileRef = 1787D10E22EFF64D00F2722C /* GitHubUserListSampleUITests.swift */; };
		179D015922F85A820084B4C6 /* AssetsImages.swift in Sources */ = {isa = PBXBuildFile; fileRef = 179D015822F85A820084B4C6 /* AssetsImages.swift */; };
		17DD435222F72896003FE974 /* GitHubAPITests.swift in Sources */ = {isa = PBXBuildFile; fileRef = 17DD435122F72896003FE974 /* GitHubAPITests.swift */; };
		17DD435422F74566003FE974 /* UserListTableViewCell.xib in Resources */ = {isa = PBXBuildFile; fileRef = 17DD435322F74566003FE974 /* UserListTableViewCell.xib */; };
		17DD435622F745A0003FE974 /* UserListTableViewCell.swift in Sources */ = {isa = PBXBuildFile; fileRef = 17DD435522F745A0003FE974 /* UserListTableViewCell.swift */; };
		17DD435822F7493A003FE974 /* UserListPresenter.swift in Sources */ = {isa = PBXBuildFile; fileRef = 17DD435722F7493A003FE974 /* UserListPresenter.swift */; };
		17DD435A22F74D74003FE974 /* UserListModel.swift in Sources */ = {isa = PBXBuildFile; fileRef = 17DD435922F74D74003FE974 /* UserListModel.swift */; };
		719D2AA29AD4F82F984A5C88 /* Pods_GitHubUserListSampleTests.framework in Frameworks */ = {isa = PBXBuildFile; fileRef = 5649D35A40687088A576F5DE /* Pods_GitHubUserListSampleTests.framework */; };
		887FE85E2EA73249BE1B642B /* Pods_GitHubUserListSampleUITests.framework in Frameworks */ = {isa = PBXBuildFile; fileRef = 1C0E3F0C846872A08F87739A /* Pods_GitHubUserListSampleUITests.framework */; };
/* End PBXBuildFile section */

/* Begin PBXContainerItemProxy section */
		1787D10022EFF64D00F2722C /* PBXContainerItemProxy */ = {
			isa = PBXContainerItemProxy;
			containerPortal = 1787D0E322EFF64C00F2722C /* Project object */;
			proxyType = 1;
			remoteGlobalIDString = 1787D0EA22EFF64C00F2722C;
			remoteInfo = GitHubUserListSample;
		};
		1787D10B22EFF64D00F2722C /* PBXContainerItemProxy */ = {
			isa = PBXContainerItemProxy;
			containerPortal = 1787D0E322EFF64C00F2722C /* Project object */;
			proxyType = 1;
			remoteGlobalIDString = 1787D0EA22EFF64C00F2722C;
			remoteInfo = GitHubUserListSample;
		};
/* End PBXContainerItemProxy section */

/* Begin PBXFileReference section */
		07E0C9F4DE8B53F7351AC382 /* Pods_GitHubUserListSample.framework */ = {isa = PBXFileReference; explicitFileType = wrapper.framework; includeInIndex = 0; path = Pods_GitHubUserListSample.framework; sourceTree = BUILT_PRODUCTS_DIR; };
		170543D322F0492300520C9D /* WebAPI.swift */ = {isa = PBXFileReference; lastKnownFileType = sourcecode.swift; path = WebAPI.swift; sourceTree = "<group>"; };
		170543D522F16C4400520C9D /* GitHubAPI.swift */ = {isa = PBXFileReference; lastKnownFileType = sourcecode.swift; path = GitHubAPI.swift; sourceTree = "<group>"; };
		1787D0EB22EFF64C00F2722C /* GitHubUserListSample.app */ = {isa = PBXFileReference; explicitFileType = wrapper.application; includeInIndex = 0; path = GitHubUserListSample.app; sourceTree = BUILT_PRODUCTS_DIR; };
		1787D0EE22EFF64C00F2722C /* AppDelegate.swift */ = {isa = PBXFileReference; lastKnownFileType = sourcecode.swift; path = AppDelegate.swift; sourceTree = "<group>"; };
		1787D0F022EFF64C00F2722C /* UserListViewController.swift */ = {isa = PBXFileReference; lastKnownFileType = sourcecode.swift; path = UserListViewController.swift; sourceTree = "<group>"; };
		1787D0F322EFF64C00F2722C /* Base */ = {isa = PBXFileReference; lastKnownFileType = file.storyboard; name = Base; path = Base.lproj/UserListViewController.storyboard; sourceTree = "<group>"; };
		1787D0F522EFF64D00F2722C /* Assets.xcassets */ = {isa = PBXFileReference; lastKnownFileType = folder.assetcatalog; path = Assets.xcassets; sourceTree = "<group>"; };
		1787D0F822EFF64D00F2722C /* Base */ = {isa = PBXFileReference; lastKnownFileType = file.storyboard; name = Base; path = Base.lproj/LaunchScreen.storyboard; sourceTree = "<group>"; };
		1787D0FA22EFF64D00F2722C /* Info.plist */ = {isa = PBXFileReference; lastKnownFileType = text.plist.xml; path = Info.plist; sourceTree = "<group>"; };
		1787D0FF22EFF64D00F2722C /* GitHubUserListSampleTests.xctest */ = {isa = PBXFileReference; explicitFileType = wrapper.cfbundle; includeInIndex = 0; path = GitHubUserListSampleTests.xctest; sourceTree = BUILT_PRODUCTS_DIR; };
		1787D10322EFF64D00F2722C /* GitHubUserListSampleTests.swift */ = {isa = PBXFileReference; lastKnownFileType = sourcecode.swift; path = GitHubUserListSampleTests.swift; sourceTree = "<group>"; };
		1787D10522EFF64D00F2722C /* Info.plist */ = {isa = PBXFileReference; lastKnownFileType = text.plist.xml; path = Info.plist; sourceTree = "<group>"; };
		1787D10A22EFF64D00F2722C /* GitHubUserListSampleUITests.xctest */ = {isa = PBXFileReference; explicitFileType = wrapper.cfbundle; includeInIndex = 0; path = GitHubUserListSampleUITests.xctest; sourceTree = BUILT_PRODUCTS_DIR; };
		1787D10E22EFF64D00F2722C /* GitHubUserListSampleUITests.swift */ = {isa = PBXFileReference; lastKnownFileType = sourcecode.swift; path = GitHubUserListSampleUITests.swift; sourceTree = "<group>"; };
		1787D11022EFF64D00F2722C /* Info.plist */ = {isa = PBXFileReference; lastKnownFileType = text.plist.xml; path = Info.plist; sourceTree = "<group>"; };
		179D015822F85A820084B4C6 /* AssetsImages.swift */ = {isa = PBXFileReference; fileEncoding = 4; lastKnownFileType = sourcecode.swift; path = AssetsImages.swift; sourceTree = "<group>"; };
		17DD435122F72896003FE974 /* GitHubAPITests.swift */ = {isa = PBXFileReference; lastKnownFileType = sourcecode.swift; path = GitHubAPITests.swift; sourceTree = "<group>"; };
		17DD435322F74566003FE974 /* UserListTableViewCell.xib */ = {isa = PBXFileReference; lastKnownFileType = file.xib; path = UserListTableViewCell.xib; sourceTree = "<group>"; };
		17DD435522F745A0003FE974 /* UserListTableViewCell.swift */ = {isa = PBXFileReference; lastKnownFileType = sourcecode.swift; path = UserListTableViewCell.swift; sourceTree = "<group>"; };
		17DD435722F7493A003FE974 /* UserListPresenter.swift */ = {isa = PBXFileReference; lastKnownFileType = sourcecode.swift; path = UserListPresenter.swift; sourceTree = "<group>"; };
		17DD435922F74D74003FE974 /* UserListModel.swift */ = {isa = PBXFileReference; lastKnownFileType = sourcecode.swift; path = UserListModel.swift; sourceTree = "<group>"; };
		1C0E3F0C846872A08F87739A /* Pods_GitHubUserListSampleUITests.framework */ = {isa = PBXFileReference; explicitFileType = wrapper.framework; includeInIndex = 0; path = Pods_GitHubUserListSampleUITests.framework; sourceTree = BUILT_PRODUCTS_DIR; };
		5649D35A40687088A576F5DE /* Pods_GitHubUserListSampleTests.framework */ = {isa = PBXFileReference; explicitFileType = wrapper.framework; includeInIndex = 0; path = Pods_GitHubUserListSampleTests.framework; sourceTree = BUILT_PRODUCTS_DIR; };
		683A6593EFA7F5EF4AE88B90 /* Pods-GitHubUserListSample.release.xcconfig */ = {isa = PBXFileReference; includeInIndex = 1; lastKnownFileType = text.xcconfig; name = "Pods-GitHubUserListSample.release.xcconfig"; path = "Target Support Files/Pods-GitHubUserListSample/Pods-GitHubUserListSample.release.xcconfig"; sourceTree = "<group>"; };
		7214530111C7DC52C605809D /* Pods-GitHubUserListSampleUITests.release.xcconfig */ = {isa = PBXFileReference; includeInIndex = 1; lastKnownFileType = text.xcconfig; name = "Pods-GitHubUserListSampleUITests.release.xcconfig"; path = "Target Support Files/Pods-GitHubUserListSampleUITests/Pods-GitHubUserListSampleUITests.release.xcconfig"; sourceTree = "<group>"; };
		882F7A49ED9D2A91A9B1D79A /* Pods-GitHubUserListSampleTests.release.xcconfig */ = {isa = PBXFileReference; includeInIndex = 1; lastKnownFileType = text.xcconfig; name = "Pods-GitHubUserListSampleTests.release.xcconfig"; path = "Target Support Files/Pods-GitHubUserListSampleTests/Pods-GitHubUserListSampleTests.release.xcconfig"; sourceTree = "<group>"; };
		D61E2E680E7E1BFA930752CD /* Pods-GitHubUserListSampleUITests.debug.xcconfig */ = {isa = PBXFileReference; includeInIndex = 1; lastKnownFileType = text.xcconfig; name = "Pods-GitHubUserListSampleUITests.debug.xcconfig"; path = "Target Support Files/Pods-GitHubUserListSampleUITests/Pods-GitHubUserListSampleUITests.debug.xcconfig"; sourceTree = "<group>"; };
		E2811B402F79EC805F5E5F94 /* Pods-GitHubUserListSample.debug.xcconfig */ = {isa = PBXFileReference; includeInIndex = 1; lastKnownFileType = text.xcconfig; name = "Pods-GitHubUserListSample.debug.xcconfig"; path = "Target Support Files/Pods-GitHubUserListSample/Pods-GitHubUserListSample.debug.xcconfig"; sourceTree = "<group>"; };
		FCADE7DE3F017A667FF455DA /* Pods-GitHubUserListSampleTests.debug.xcconfig */ = {isa = PBXFileReference; includeInIndex = 1; lastKnownFileType = text.xcconfig; name = "Pods-GitHubUserListSampleTests.debug.xcconfig"; path = "Target Support Files/Pods-GitHubUserListSampleTests/Pods-GitHubUserListSampleTests.debug.xcconfig"; sourceTree = "<group>"; };
/* End PBXFileReference section */

/* Begin PBXFrameworksBuildPhase section */
		1787D0E822EFF64C00F2722C /* Frameworks */ = {
			isa = PBXFrameworksBuildPhase;
			buildActionMask = 2147483647;
			files = (
				0D591B6DE7A6CB359B9E4ACE /* Pods_GitHubUserListSample.framework in Frameworks */,
			);
			runOnlyForDeploymentPostprocessing = 0;
		};
		1787D0FC22EFF64D00F2722C /* Frameworks */ = {
			isa = PBXFrameworksBuildPhase;
			buildActionMask = 2147483647;
			files = (
				719D2AA29AD4F82F984A5C88 /* Pods_GitHubUserListSampleTests.framework in Frameworks */,
			);
			runOnlyForDeploymentPostprocessing = 0;
		};
		1787D10722EFF64D00F2722C /* Frameworks */ = {
			isa = PBXFrameworksBuildPhase;
			buildActionMask = 2147483647;
			files = (
				887FE85E2EA73249BE1B642B /* Pods_GitHubUserListSampleUITests.framework in Frameworks */,
			);
			runOnlyForDeploymentPostprocessing = 0;
		};
/* End PBXFrameworksBuildPhase section */

/* Begin PBXGroup section */
		0099A5008A405F76D2AAFBE7 /* Frameworks */ = {
			isa = PBXGroup;
			children = (
				07E0C9F4DE8B53F7351AC382 /* Pods_GitHubUserListSample.framework */,
				5649D35A40687088A576F5DE /* Pods_GitHubUserListSampleTests.framework */,
				1C0E3F0C846872A08F87739A /* Pods_GitHubUserListSampleUITests.framework */,
			);
			name = Frameworks;
			sourceTree = "<group>";
		};
		1787D0E222EFF64C00F2722C = {
			isa = PBXGroup;
			children = (
				1787D0ED22EFF64C00F2722C /* GitHubUserListSample */,
				1787D10222EFF64D00F2722C /* GitHubUserListSampleTests */,
				1787D10D22EFF64D00F2722C /* GitHubUserListSampleUITests */,
				1787D0EC22EFF64C00F2722C /* Products */,
				662627D68428568CABBC26C7 /* Pods */,
				0099A5008A405F76D2AAFBE7 /* Frameworks */,
			);
			sourceTree = "<group>";
		};
		1787D0EC22EFF64C00F2722C /* Products */ = {
			isa = PBXGroup;
			children = (
				1787D0EB22EFF64C00F2722C /* GitHubUserListSample.app */,
				1787D0FF22EFF64D00F2722C /* GitHubUserListSampleTests.xctest */,
				1787D10A22EFF64D00F2722C /* GitHubUserListSampleUITests.xctest */,
			);
			name = Products;
			sourceTree = "<group>";
		};
		1787D0ED22EFF64C00F2722C /* GitHubUserListSample */ = {
			isa = PBXGroup;
			children = (
				17DD435C22F9D880003FE974 /* Extension */,
				17DD435B22F9D59E003FE974 /* API */,
				179D015822F85A820084B4C6 /* AssetsImages.swift */,
				1787D0EE22EFF64C00F2722C /* AppDelegate.swift */,
				1787D0F522EFF64D00F2722C /* Assets.xcassets */,
				1787D0F722EFF64D00F2722C /* LaunchScreen.storyboard */,
				1787D0FA22EFF64D00F2722C /* Info.plist */,
				17DD435D22F9E31F003FE974 /* UserList */,
			);
			path = GitHubUserListSample;
			sourceTree = "<group>";
		};
		1787D10222EFF64D00F2722C /* GitHubUserListSampleTests */ = {
			isa = PBXGroup;
			children = (
				1787D10322EFF64D00F2722C /* GitHubUserListSampleTests.swift */,
				1787D10522EFF64D00F2722C /* Info.plist */,
				17DD435122F72896003FE974 /* GitHubAPITests.swift */,
			);
			path = GitHubUserListSampleTests;
			sourceTree = "<group>";
		};
		1787D10D22EFF64D00F2722C /* GitHubUserListSampleUITests */ = {
			isa = PBXGroup;
			children = (
				1787D10E22EFF64D00F2722C /* GitHubUserListSampleUITests.swift */,
				1787D11022EFF64D00F2722C /* Info.plist */,
			);
			path = GitHubUserListSampleUITests;
			sourceTree = "<group>";
		};
		17DD435B22F9D59E003FE974 /* API */ = {
			isa = PBXGroup;
			children = (
				170543D322F0492300520C9D /* WebAPI.swift */,
				170543D522F16C4400520C9D /* GitHubAPI.swift */,
			);
			path = API;
			sourceTree = "<group>";
		};
		17DD435C22F9D880003FE974 /* Extension */ = {
			isa = PBXGroup;
			children = (
			);
			path = Extension;
			sourceTree = "<group>";
		};
		17DD435D22F9E31F003FE974 /* UserList */ = {
			isa = PBXGroup;
			children = (
				1787D0F022EFF64C00F2722C /* UserListViewController.swift */,
				1787D0F222EFF64C00F2722C /* UserListViewController.storyboard */,
				17DD435322F74566003FE974 /* UserListTableViewCell.xib */,
				17DD435522F745A0003FE974 /* UserListTableViewCell.swift */,
				17DD435722F7493A003FE974 /* UserListPresenter.swift */,
				17DD435922F74D74003FE974 /* UserListModel.swift */,
			);
			path = UserList;
			sourceTree = "<group>";
		};
		662627D68428568CABBC26C7 /* Pods */ = {
			isa = PBXGroup;
			children = (
				E2811B402F79EC805F5E5F94 /* Pods-GitHubUserListSample.debug.xcconfig */,
				683A6593EFA7F5EF4AE88B90 /* Pods-GitHubUserListSample.release.xcconfig */,
				FCADE7DE3F017A667FF455DA /* Pods-GitHubUserListSampleTests.debug.xcconfig */,
				882F7A49ED9D2A91A9B1D79A /* Pods-GitHubUserListSampleTests.release.xcconfig */,
				D61E2E680E7E1BFA930752CD /* Pods-GitHubUserListSampleUITests.debug.xcconfig */,
				7214530111C7DC52C605809D /* Pods-GitHubUserListSampleUITests.release.xcconfig */,
			);
			path = Pods;
			sourceTree = "<group>";
		};
/* End PBXGroup section */

/* Begin PBXNativeTarget section */
		1787D0EA22EFF64C00F2722C /* GitHubUserListSample */ = {
			isa = PBXNativeTarget;
			buildConfigurationList = 1787D11322EFF64D00F2722C /* Build configuration list for PBXNativeTarget "GitHubUserListSample" */;
			buildPhases = (
				D0349454A7CB1BF381CA4909 /* [CP] Check Pods Manifest.lock */,
				179D015722F85A3D0084B4C6 /* Swiftgen */,
				1787D0E722EFF64C00F2722C /* Sources */,
				1787D0E822EFF64C00F2722C /* Frameworks */,
				1787D0E922EFF64C00F2722C /* Resources */,
				44DAC5D9061A3524C10DD7D8 /* [CP] Embed Pods Frameworks */,
			);
			buildRules = (
			);
			dependencies = (
			);
			name = GitHubUserListSample;
			productName = GitHubUserListSample;
			productReference = 1787D0EB22EFF64C00F2722C /* GitHubUserListSample.app */;
			productType = "com.apple.product-type.application";
		};
		1787D0FE22EFF64D00F2722C /* GitHubUserListSampleTests */ = {
			isa = PBXNativeTarget;
			buildConfigurationList = 1787D11622EFF64D00F2722C /* Build configuration list for PBXNativeTarget "GitHubUserListSampleTests" */;
			buildPhases = (
				C280F09D67DE578948242F68 /* [CP] Check Pods Manifest.lock */,
				1787D0FB22EFF64D00F2722C /* Sources */,
				1787D0FC22EFF64D00F2722C /* Frameworks */,
				1787D0FD22EFF64D00F2722C /* Resources */,
			);
			buildRules = (
			);
			dependencies = (
				1787D10122EFF64D00F2722C /* PBXTargetDependency */,
			);
			name = GitHubUserListSampleTests;
			productName = GitHubUserListSampleTests;
			productReference = 1787D0FF22EFF64D00F2722C /* GitHubUserListSampleTests.xctest */;
			productType = "com.apple.product-type.bundle.unit-test";
		};
		1787D10922EFF64D00F2722C /* GitHubUserListSampleUITests */ = {
			isa = PBXNativeTarget;
			buildConfigurationList = 1787D11922EFF64D00F2722C /* Build configuration list for PBXNativeTarget "GitHubUserListSampleUITests" */;
			buildPhases = (
				ED3839D58935012B3A75F611 /* [CP] Check Pods Manifest.lock */,
				1787D10622EFF64D00F2722C /* Sources */,
				1787D10722EFF64D00F2722C /* Frameworks */,
				1787D10822EFF64D00F2722C /* Resources */,
			);
			buildRules = (
			);
			dependencies = (
				1787D10C22EFF64D00F2722C /* PBXTargetDependency */,
			);
			name = GitHubUserListSampleUITests;
			productName = GitHubUserListSampleUITests;
			productReference = 1787D10A22EFF64D00F2722C /* GitHubUserListSampleUITests.xctest */;
			productType = "com.apple.product-type.bundle.ui-testing";
		};
/* End PBXNativeTarget section */

/* Begin PBXProject section */
		1787D0E322EFF64C00F2722C /* Project object */ = {
			isa = PBXProject;
			attributes = {
				LastSwiftUpdateCheck = 1030;
				LastUpgradeCheck = 1030;
				ORGANIZATIONNAME = imaizume;
				TargetAttributes = {
					1787D0EA22EFF64C00F2722C = {
						CreatedOnToolsVersion = 10.3;
					};
					1787D0FE22EFF64D00F2722C = {
						CreatedOnToolsVersion = 10.3;
						TestTargetID = 1787D0EA22EFF64C00F2722C;
					};
					1787D10922EFF64D00F2722C = {
						CreatedOnToolsVersion = 10.3;
						TestTargetID = 1787D0EA22EFF64C00F2722C;
					};
				};
			};
			buildConfigurationList = 1787D0E622EFF64C00F2722C /* Build configuration list for PBXProject "GitHubUserListSample" */;
			compatibilityVersion = "Xcode 9.3";
			developmentRegion = en;
			hasScannedForEncodings = 0;
			knownRegions = (
				en,
				Base,
			);
			mainGroup = 1787D0E222EFF64C00F2722C;
			productRefGroup = 1787D0EC22EFF64C00F2722C /* Products */;
			projectDirPath = "";
			projectRoot = "";
			targets = (
				1787D0EA22EFF64C00F2722C /* GitHubUserListSample */,
				1787D0FE22EFF64D00F2722C /* GitHubUserListSampleTests */,
				1787D10922EFF64D00F2722C /* GitHubUserListSampleUITests */,
			);
		};
/* End PBXProject section */

/* Begin PBXResourcesBuildPhase section */
		1787D0E922EFF64C00F2722C /* Resources */ = {
			isa = PBXResourcesBuildPhase;
			buildActionMask = 2147483647;
			files = (
				17DD435422F74566003FE974 /* UserListTableViewCell.xib in Resources */,
				1787D0F922EFF64D00F2722C /* LaunchScreen.storyboard in Resources */,
				1787D0F622EFF64D00F2722C /* Assets.xcassets in Resources */,
				1787D0F422EFF64C00F2722C /* UserListViewController.storyboard in Resources */,
			);
			runOnlyForDeploymentPostprocessing = 0;
		};
		1787D0FD22EFF64D00F2722C /* Resources */ = {
			isa = PBXResourcesBuildPhase;
			buildActionMask = 2147483647;
			files = (
			);
			runOnlyForDeploymentPostprocessing = 0;
		};
		1787D10822EFF64D00F2722C /* Resources */ = {
			isa = PBXResourcesBuildPhase;
			buildActionMask = 2147483647;
			files = (
			);
			runOnlyForDeploymentPostprocessing = 0;
		};
/* End PBXResourcesBuildPhase section */

/* Begin PBXShellScriptBuildPhase section */
		179D015722F85A3D0084B4C6 /* Swiftgen */ = {
			isa = PBXShellScriptBuildPhase;
			buildActionMask = 2147483647;
			files = (
			);
			inputFileListPaths = (
			);
			inputPaths = (
			);
			name = Swiftgen;
			outputFileListPaths = (
			);
			outputPaths = (
			);
			runOnlyForDeploymentPostprocessing = 0;
			shellPath = /bin/sh;
			shellScript = "if which \"${PODS_ROOT}/SwiftGen/bin/SwiftGen\" >/dev/null; then\n\"${PODS_ROOT}/SwiftGen/bin/SwiftGen\"\nelse\necho \"warning: SwiftGen not installed, download it from https://github.com/SwiftGen/SwiftGen\"\nfi\n";
		};
		44DAC5D9061A3524C10DD7D8 /* [CP] Embed Pods Frameworks */ = {
			isa = PBXShellScriptBuildPhase;
			buildActionMask = 2147483647;
			files = (
			);
			inputFileListPaths = (
				"${PODS_ROOT}/Target Support Files/Pods-GitHubUserListSample/Pods-GitHubUserListSample-frameworks-${CONFIGURATION}-input-files.xcfilelist",
			);
			name = "[CP] Embed Pods Frameworks";
			outputFileListPaths = (
				"${PODS_ROOT}/Target Support Files/Pods-GitHubUserListSample/Pods-GitHubUserListSample-frameworks-${CONFIGURATION}-output-files.xcfilelist",
			);
			runOnlyForDeploymentPostprocessing = 0;
			shellPath = /bin/sh;
			shellScript = "\"${PODS_ROOT}/Target Support Files/Pods-GitHubUserListSample/Pods-GitHubUserListSample-frameworks.sh\"\n";
			showEnvVarsInLog = 0;
		};
		C280F09D67DE578948242F68 /* [CP] Check Pods Manifest.lock */ = {
			isa = PBXShellScriptBuildPhase;
			buildActionMask = 2147483647;
			files = (
			);
			inputFileListPaths = (
			);
			inputPaths = (
				"${PODS_PODFILE_DIR_PATH}/Podfile.lock",
				"${PODS_ROOT}/Manifest.lock",
			);
			name = "[CP] Check Pods Manifest.lock";
			outputFileListPaths = (
			);
			outputPaths = (
				"$(DERIVED_FILE_DIR)/Pods-GitHubUserListSampleTests-checkManifestLockResult.txt",
			);
			runOnlyForDeploymentPostprocessing = 0;
			shellPath = /bin/sh;
			shellScript = "diff \"${PODS_PODFILE_DIR_PATH}/Podfile.lock\" \"${PODS_ROOT}/Manifest.lock\" > /dev/null\nif [ $? != 0 ] ; then\n    # print error to STDERR\n    echo \"error: The sandbox is not in sync with the Podfile.lock. Run 'pod install' or update your CocoaPods installation.\" >&2\n    exit 1\nfi\n# This output is used by Xcode 'outputs' to avoid re-running this script phase.\necho \"SUCCESS\" > \"${SCRIPT_OUTPUT_FILE_0}\"\n";
			showEnvVarsInLog = 0;
		};
		D0349454A7CB1BF381CA4909 /* [CP] Check Pods Manifest.lock */ = {
			isa = PBXShellScriptBuildPhase;
			buildActionMask = 2147483647;
			files = (
			);
			inputFileListPaths = (
			);
			inputPaths = (
				"${PODS_PODFILE_DIR_PATH}/Podfile.lock",
				"${PODS_ROOT}/Manifest.lock",
			);
			name = "[CP] Check Pods Manifest.lock";
			outputFileListPaths = (
			);
			outputPaths = (
				"$(DERIVED_FILE_DIR)/Pods-GitHubUserListSample-checkManifestLockResult.txt",
			);
			runOnlyForDeploymentPostprocessing = 0;
			shellPath = /bin/sh;
			shellScript = "diff \"${PODS_PODFILE_DIR_PATH}/Podfile.lock\" \"${PODS_ROOT}/Manifest.lock\" > /dev/null\nif [ $? != 0 ] ; then\n    # print error to STDERR\n    echo \"error: The sandbox is not in sync with the Podfile.lock. Run 'pod install' or update your CocoaPods installation.\" >&2\n    exit 1\nfi\n# This output is used by Xcode 'outputs' to avoid re-running this script phase.\necho \"SUCCESS\" > \"${SCRIPT_OUTPUT_FILE_0}\"\n";
			showEnvVarsInLog = 0;
		};
		ED3839D58935012B3A75F611 /* [CP] Check Pods Manifest.lock */ = {
			isa = PBXShellScriptBuildPhase;
			buildActionMask = 2147483647;
			files = (
			);
			inputFileListPaths = (
			);
			inputPaths = (
				"${PODS_PODFILE_DIR_PATH}/Podfile.lock",
				"${PODS_ROOT}/Manifest.lock",
			);
			name = "[CP] Check Pods Manifest.lock";
			outputFileListPaths = (
			);
			outputPaths = (
				"$(DERIVED_FILE_DIR)/Pods-GitHubUserListSampleUITests-checkManifestLockResult.txt",
			);
			runOnlyForDeploymentPostprocessing = 0;
			shellPath = /bin/sh;
			shellScript = "diff \"${PODS_PODFILE_DIR_PATH}/Podfile.lock\" \"${PODS_ROOT}/Manifest.lock\" > /dev/null\nif [ $? != 0 ] ; then\n    # print error to STDERR\n    echo \"error: The sandbox is not in sync with the Podfile.lock. Run 'pod install' or update your CocoaPods installation.\" >&2\n    exit 1\nfi\n# This output is used by Xcode 'outputs' to avoid re-running this script phase.\necho \"SUCCESS\" > \"${SCRIPT_OUTPUT_FILE_0}\"\n";
			showEnvVarsInLog = 0;
		};
/* End PBXShellScriptBuildPhase section */

/* Begin PBXSourcesBuildPhase section */
		1787D0E722EFF64C00F2722C /* Sources */ = {
			isa = PBXSourcesBuildPhase;
			buildActionMask = 2147483647;
			files = (
				1787D0F122EFF64C00F2722C /* UserListViewController.swift in Sources */,
				179D015922F85A820084B4C6 /* AssetsImages.swift in Sources */,
				17DD435822F7493A003FE974 /* UserListPresenter.swift in Sources */,
				170543D422F0492300520C9D /* WebAPI.swift in Sources */,
				1787D0EF22EFF64C00F2722C /* AppDelegate.swift in Sources */,
				170543D622F16C4400520C9D /* GitHubAPI.swift in Sources */,
				17DD435A22F74D74003FE974 /* UserListModel.swift in Sources */,
				17DD435622F745A0003FE974 /* UserListTableViewCell.swift in Sources */,
			);
			runOnlyForDeploymentPostprocessing = 0;
		};
		1787D0FB22EFF64D00F2722C /* Sources */ = {
			isa = PBXSourcesBuildPhase;
			buildActionMask = 2147483647;
			files = (
				1787D10422EFF64D00F2722C /* GitHubUserListSampleTests.swift in Sources */,
				17DD435222F72896003FE974 /* GitHubAPITests.swift in Sources */,
			);
			runOnlyForDeploymentPostprocessing = 0;
		};
		1787D10622EFF64D00F2722C /* Sources */ = {
			isa = PBXSourcesBuildPhase;
			buildActionMask = 2147483647;
			files = (
				1787D10F22EFF64D00F2722C /* GitHubUserListSampleUITests.swift in Sources */,
			);
			runOnlyForDeploymentPostprocessing = 0;
		};
/* End PBXSourcesBuildPhase section */

/* Begin PBXTargetDependency section */
		1787D10122EFF64D00F2722C /* PBXTargetDependency */ = {
			isa = PBXTargetDependency;
			target = 1787D0EA22EFF64C00F2722C /* GitHubUserListSample */;
			targetProxy = 1787D10022EFF64D00F2722C /* PBXContainerItemProxy */;
		};
		1787D10C22EFF64D00F2722C /* PBXTargetDependency */ = {
			isa = PBXTargetDependency;
			target = 1787D0EA22EFF64C00F2722C /* GitHubUserListSample */;
			targetProxy = 1787D10B22EFF64D00F2722C /* PBXContainerItemProxy */;
		};
/* End PBXTargetDependency section */

/* Begin PBXVariantGroup section */
		1787D0F222EFF64C00F2722C /* UserListViewController.storyboard */ = {
			isa = PBXVariantGroup;
			children = (
				1787D0F322EFF64C00F2722C /* Base */,
			);
			name = UserListViewController.storyboard;
			sourceTree = "<group>";
		};
		1787D0F722EFF64D00F2722C /* LaunchScreen.storyboard */ = {
			isa = PBXVariantGroup;
			children = (
				1787D0F822EFF64D00F2722C /* Base */,
			);
			name = LaunchScreen.storyboard;
			sourceTree = "<group>";
		};
/* End PBXVariantGroup section */

/* Begin XCBuildConfiguration section */
		1787D11122EFF64D00F2722C /* Debug */ = {
			isa = XCBuildConfiguration;
			buildSettings = {
				ALWAYS_SEARCH_USER_PATHS = NO;
				CLANG_ANALYZER_NONNULL = YES;
				CLANG_ANALYZER_NUMBER_OBJECT_CONVERSION = YES_AGGRESSIVE;
				CLANG_CXX_LANGUAGE_STANDARD = "gnu++14";
				CLANG_CXX_LIBRARY = "libc++";
				CLANG_ENABLE_MODULES = YES;
				CLANG_ENABLE_OBJC_ARC = YES;
				CLANG_ENABLE_OBJC_WEAK = YES;
				CLANG_WARN_BLOCK_CAPTURE_AUTORELEASING = YES;
				CLANG_WARN_BOOL_CONVERSION = YES;
				CLANG_WARN_COMMA = YES;
				CLANG_WARN_CONSTANT_CONVERSION = YES;
				CLANG_WARN_DEPRECATED_OBJC_IMPLEMENTATIONS = YES;
				CLANG_WARN_DIRECT_OBJC_ISA_USAGE = YES_ERROR;
				CLANG_WARN_DOCUMENTATION_COMMENTS = YES;
				CLANG_WARN_EMPTY_BODY = YES;
				CLANG_WARN_ENUM_CONVERSION = YES;
				CLANG_WARN_INFINITE_RECURSION = YES;
				CLANG_WARN_INT_CONVERSION = YES;
				CLANG_WARN_NON_LITERAL_NULL_CONVERSION = YES;
				CLANG_WARN_OBJC_IMPLICIT_RETAIN_SELF = YES;
				CLANG_WARN_OBJC_LITERAL_CONVERSION = YES;
				CLANG_WARN_OBJC_ROOT_CLASS = YES_ERROR;
				CLANG_WARN_RANGE_LOOP_ANALYSIS = YES;
				CLANG_WARN_STRICT_PROTOTYPES = YES;
				CLANG_WARN_SUSPICIOUS_MOVE = YES;
				CLANG_WARN_UNGUARDED_AVAILABILITY = YES_AGGRESSIVE;
				CLANG_WARN_UNREACHABLE_CODE = YES;
				CLANG_WARN__DUPLICATE_METHOD_MATCH = YES;
				CODE_SIGN_IDENTITY = "iPhone Developer";
				COPY_PHASE_STRIP = NO;
				DEBUG_INFORMATION_FORMAT = dwarf;
				ENABLE_STRICT_OBJC_MSGSEND = YES;
				ENABLE_TESTABILITY = YES;
				GCC_C_LANGUAGE_STANDARD = gnu11;
				GCC_DYNAMIC_NO_PIC = NO;
				GCC_NO_COMMON_BLOCKS = YES;
				GCC_OPTIMIZATION_LEVEL = 0;
				GCC_PREPROCESSOR_DEFINITIONS = (
					"DEBUG=1",
					"$(inherited)",
				);
				GCC_WARN_64_TO_32_BIT_CONVERSION = YES;
				GCC_WARN_ABOUT_RETURN_TYPE = YES_ERROR;
				GCC_WARN_UNDECLARED_SELECTOR = YES;
				GCC_WARN_UNINITIALIZED_AUTOS = YES_AGGRESSIVE;
				GCC_WARN_UNUSED_FUNCTION = YES;
				GCC_WARN_UNUSED_VARIABLE = YES;
				IPHONEOS_DEPLOYMENT_TARGET = 12.4;
				MTL_ENABLE_DEBUG_INFO = INCLUDE_SOURCE;
				MTL_FAST_MATH = YES;
				ONLY_ACTIVE_ARCH = YES;
				SDKROOT = iphoneos;
				SWIFT_ACTIVE_COMPILATION_CONDITIONS = DEBUG;
				SWIFT_OPTIMIZATION_LEVEL = "-Onone";
			};
			name = Debug;
		};
		1787D11222EFF64D00F2722C /* Release */ = {
			isa = XCBuildConfiguration;
			buildSettings = {
				ALWAYS_SEARCH_USER_PATHS = NO;
				CLANG_ANALYZER_NONNULL = YES;
				CLANG_ANALYZER_NUMBER_OBJECT_CONVERSION = YES_AGGRESSIVE;
				CLANG_CXX_LANGUAGE_STANDARD = "gnu++14";
				CLANG_CXX_LIBRARY = "libc++";
				CLANG_ENABLE_MODULES = YES;
				CLANG_ENABLE_OBJC_ARC = YES;
				CLANG_ENABLE_OBJC_WEAK = YES;
				CLANG_WARN_BLOCK_CAPTURE_AUTORELEASING = YES;
				CLANG_WARN_BOOL_CONVERSION = YES;
				CLANG_WARN_COMMA = YES;
				CLANG_WARN_CONSTANT_CONVERSION = YES;
				CLANG_WARN_DEPRECATED_OBJC_IMPLEMENTATIONS = YES;
				CLANG_WARN_DIRECT_OBJC_ISA_USAGE = YES_ERROR;
				CLANG_WARN_DOCUMENTATION_COMMENTS = YES;
				CLANG_WARN_EMPTY_BODY = YES;
				CLANG_WARN_ENUM_CONVERSION = YES;
				CLANG_WARN_INFINITE_RECURSION = YES;
				CLANG_WARN_INT_CONVERSION = YES;
				CLANG_WARN_NON_LITERAL_NULL_CONVERSION = YES;
				CLANG_WARN_OBJC_IMPLICIT_RETAIN_SELF = YES;
				CLANG_WARN_OBJC_LITERAL_CONVERSION = YES;
				CLANG_WARN_OBJC_ROOT_CLASS = YES_ERROR;
				CLANG_WARN_RANGE_LOOP_ANALYSIS = YES;
				CLANG_WARN_STRICT_PROTOTYPES = YES;
				CLANG_WARN_SUSPICIOUS_MOVE = YES;
				CLANG_WARN_UNGUARDED_AVAILABILITY = YES_AGGRESSIVE;
				CLANG_WARN_UNREACHABLE_CODE = YES;
				CLANG_WARN__DUPLICATE_METHOD_MATCH = YES;
				CODE_SIGN_IDENTITY = "iPhone Developer";
				COPY_PHASE_STRIP = NO;
				DEBUG_INFORMATION_FORMAT = "dwarf-with-dsym";
				ENABLE_NS_ASSERTIONS = NO;
				ENABLE_STRICT_OBJC_MSGSEND = YES;
				GCC_C_LANGUAGE_STANDARD = gnu11;
				GCC_NO_COMMON_BLOCKS = YES;
				GCC_WARN_64_TO_32_BIT_CONVERSION = YES;
				GCC_WARN_ABOUT_RETURN_TYPE = YES_ERROR;
				GCC_WARN_UNDECLARED_SELECTOR = YES;
				GCC_WARN_UNINITIALIZED_AUTOS = YES_AGGRESSIVE;
				GCC_WARN_UNUSED_FUNCTION = YES;
				GCC_WARN_UNUSED_VARIABLE = YES;
				IPHONEOS_DEPLOYMENT_TARGET = 12.4;
				MTL_ENABLE_DEBUG_INFO = NO;
				MTL_FAST_MATH = YES;
				SDKROOT = iphoneos;
				SWIFT_COMPILATION_MODE = wholemodule;
				SWIFT_OPTIMIZATION_LEVEL = "-O";
				VALIDATE_PRODUCT = YES;
			};
			name = Release;
		};
		1787D11422EFF64D00F2722C /* Debug */ = {
			isa = XCBuildConfiguration;
			baseConfigurationReference = E2811B402F79EC805F5E5F94 /* Pods-GitHubUserListSample.debug.xcconfig */;
			buildSettings = {
				ASSETCATALOG_COMPILER_APPICON_NAME = AppIcon;
				CODE_SIGN_STYLE = Automatic;
				DEVELOPMENT_TEAM = TQ7Q2KTAY8;
				INFOPLIST_FILE = GitHubUserListSample/Info.plist;
				IPHONEOS_DEPLOYMENT_TARGET = 11.0;
				LD_RUNPATH_SEARCH_PATHS = (
					"$(inherited)",
					"@executable_path/Frameworks",
				);
				PRODUCT_BUNDLE_IDENTIFIER = me.imaizu.app.GitHubUserListSample;
				PRODUCT_NAME = "$(TARGET_NAME)";
				SWIFT_VERSION = 5.0;
				TARGETED_DEVICE_FAMILY = "1,2";
			};
			name = Debug;
		};
		1787D11522EFF64D00F2722C /* Release */ = {
			isa = XCBuildConfiguration;
			baseConfigurationReference = 683A6593EFA7F5EF4AE88B90 /* Pods-GitHubUserListSample.release.xcconfig */;
			buildSettings = {
				ASSETCATALOG_COMPILER_APPICON_NAME = AppIcon;
				CODE_SIGN_STYLE = Automatic;
				DEVELOPMENT_TEAM = TQ7Q2KTAY8;
				INFOPLIST_FILE = GitHubUserListSample/Info.plist;
				IPHONEOS_DEPLOYMENT_TARGET = 11.0;
				LD_RUNPATH_SEARCH_PATHS = (
					"$(inherited)",
					"@executable_path/Frameworks",
				);
				PRODUCT_BUNDLE_IDENTIFIER = me.imaizu.app.GitHubUserListSample;
				PRODUCT_NAME = "$(TARGET_NAME)";
				SWIFT_VERSION = 5.0;
				TARGETED_DEVICE_FAMILY = "1,2";
			};
			name = Release;
		};
		1787D11722EFF64D00F2722C /* Debug */ = {
			isa = XCBuildConfiguration;
			baseConfigurationReference = FCADE7DE3F017A667FF455DA /* Pods-GitHubUserListSampleTests.debug.xcconfig */;
			buildSettings = {
				ALWAYS_EMBED_SWIFT_STANDARD_LIBRARIES = YES;
				BUNDLE_LOADER = "$(TEST_HOST)";
				CODE_SIGN_STYLE = Automatic;
				DEVELOPMENT_TEAM = TQ7Q2KTAY8;
				INFOPLIST_FILE = GitHubUserListSampleTests/Info.plist;
				LD_RUNPATH_SEARCH_PATHS = (
					"$(inherited)",
					"@executable_path/Frameworks",
					"@loader_path/Frameworks",
				);
				PRODUCT_BUNDLE_IDENTIFIER = me.imaizu.app.GitHubUserListSampleTests;
				PRODUCT_NAME = "$(TARGET_NAME)";
				SWIFT_VERSION = 5.0;
				TARGETED_DEVICE_FAMILY = "1,2";
				TEST_HOST = "$(BUILT_PRODUCTS_DIR)/GitHubUserListSample.app/GitHubUserListSample";
			};
			name = Debug;
		};
		1787D11822EFF64D00F2722C /* Release */ = {
			isa = XCBuildConfiguration;
			baseConfigurationReference = 882F7A49ED9D2A91A9B1D79A /* Pods-GitHubUserListSampleTests.release.xcconfig */;
			buildSettings = {
				ALWAYS_EMBED_SWIFT_STANDARD_LIBRARIES = YES;
				BUNDLE_LOADER = "$(TEST_HOST)";
				CODE_SIGN_STYLE = Automatic;
				DEVELOPMENT_TEAM = TQ7Q2KTAY8;
				INFOPLIST_FILE = GitHubUserListSampleTests/Info.plist;
				LD_RUNPATH_SEARCH_PATHS = (
					"$(inherited)",
					"@executable_path/Frameworks",
					"@loader_path/Frameworks",
				);
				PRODUCT_BUNDLE_IDENTIFIER = me.imaizu.app.GitHubUserListSampleTests;
				PRODUCT_NAME = "$(TARGET_NAME)";
				SWIFT_VERSION = 5.0;
				TARGETED_DEVICE_FAMILY = "1,2";
				TEST_HOST = "$(BUILT_PRODUCTS_DIR)/GitHubUserListSample.app/GitHubUserListSample";
			};
			name = Release;
		};
		1787D11A22EFF64D00F2722C /* Debug */ = {
			isa = XCBuildConfiguration;
			baseConfigurationReference = D61E2E680E7E1BFA930752CD /* Pods-GitHubUserListSampleUITests.debug.xcconfig */;
			buildSettings = {
				ALWAYS_EMBED_SWIFT_STANDARD_LIBRARIES = YES;
				CODE_SIGN_STYLE = Automatic;
				DEVELOPMENT_TEAM = TQ7Q2KTAY8;
				INFOPLIST_FILE = GitHubUserListSampleUITests/Info.plist;
				LD_RUNPATH_SEARCH_PATHS = (
					"$(inherited)",
					"@executable_path/Frameworks",
					"@loader_path/Frameworks",
				);
				PRODUCT_BUNDLE_IDENTIFIER = me.imaizu.app.GitHubUserListSampleUITests;
				PRODUCT_NAME = "$(TARGET_NAME)";
				SWIFT_VERSION = 5.0;
				TARGETED_DEVICE_FAMILY = "1,2";
				TEST_TARGET_NAME = GitHubUserListSample;
			};
			name = Debug;
		};
		1787D11B22EFF64D00F2722C /* Release */ = {
			isa = XCBuildConfiguration;
			baseConfigurationReference = 7214530111C7DC52C605809D /* Pods-GitHubUserListSampleUITests.release.xcconfig */;
			buildSettings = {
				ALWAYS_EMBED_SWIFT_STANDARD_LIBRARIES = YES;
				CODE_SIGN_STYLE = Automatic;
				DEVELOPMENT_TEAM = TQ7Q2KTAY8;
				INFOPLIST_FILE = GitHubUserListSampleUITests/Info.plist;
				LD_RUNPATH_SEARCH_PATHS = (
					"$(inherited)",
					"@executable_path/Frameworks",
					"@loader_path/Frameworks",
				);
				PRODUCT_BUNDLE_IDENTIFIER = me.imaizu.app.GitHubUserListSampleUITests;
				PRODUCT_NAME = "$(TARGET_NAME)";
				SWIFT_VERSION = 5.0;
				TARGETED_DEVICE_FAMILY = "1,2";
				TEST_TARGET_NAME = GitHubUserListSample;
			};
			name = Release;
		};
/* End XCBuildConfiguration section */

/* Begin XCConfigurationList section */
		1787D0E622EFF64C00F2722C /* Build configuration list for PBXProject "GitHubUserListSample" */ = {
			isa = XCConfigurationList;
			buildConfigurations = (
				1787D11122EFF64D00F2722C /* Debug */,
				1787D11222EFF64D00F2722C /* Release */,
			);
			defaultConfigurationIsVisible = 0;
			defaultConfigurationName = Release;
		};
		1787D11322EFF64D00F2722C /* Build configuration list for PBXNativeTarget "GitHubUserListSample" */ = {
			isa = XCConfigurationList;
			buildConfigurations = (
				1787D11422EFF64D00F2722C /* Debug */,
				1787D11522EFF64D00F2722C /* Release */,
			);
			defaultConfigurationIsVisible = 0;
			defaultConfigurationName = Release;
		};
		1787D11622EFF64D00F2722C /* Build configuration list for PBXNativeTarget "GitHubUserListSampleTests" */ = {
			isa = XCConfigurationList;
			buildConfigurations = (
				1787D11722EFF64D00F2722C /* Debug */,
				1787D11822EFF64D00F2722C /* Release */,
			);
			defaultConfigurationIsVisible = 0;
			defaultConfigurationName = Release;
		};
		1787D11922EFF64D00F2722C /* Build configuration list for PBXNativeTarget "GitHubUserListSampleUITests" */ = {
			isa = XCConfigurationList;
			buildConfigurations = (
				1787D11A22EFF64D00F2722C /* Debug */,
				1787D11B22EFF64D00F2722C /* Release */,
			);
			defaultConfigurationIsVisible = 0;
			defaultConfigurationName = Release;
		};
/* End XCConfigurationList section */
	};
	rootObject = 1787D0E322EFF64C00F2722C /* Project object */;
}
